<?xml version="1.0" encoding="utf-8"?>
<Project ToolsVersion="4.0" xmlns="http://schemas.microsoft.com/developer/msbuild/2003">
  <ItemGroup>
    <Filter Include="Source Files">
      <UniqueIdentifier>{4FC737F1-C7A5-4376-A066-2A32D752A2FF}</UniqueIdentifier>
      <Extensions>cpp;c;cc;cxx;c++;cppm;ixx;def;odl;idl;hpj;bat;asm;asmx</Extensions>
    </Filter>
    <Filter Include="Header Files">
      <UniqueIdentifier>{93995380-89BD-4b04-88EB-625FBE52EBFB}</UniqueIdentifier>
      <Extensions>h;hh;hpp;hxx;h++;hm;inl;inc;ipp;xsd</Extensions>
    </Filter>
    <Filter Include="Resource Files">
      <UniqueIdentifier>{67DA6AB6-F800-4c08-8B7A-83BB121AAD01}</UniqueIdentifier>
      <Extensions>rc;ico;cur;bmp;dlg;rc2;rct;bin;rgs;gif;jpg;jpeg;jpe;resx;tiff;tif;png;wav;mfcribbon-ms</Extensions>
    </Filter>
  </ItemGroup>
  <ItemGroup>
    <ClCompile Include="src\main.cpp">
      <Filter>Source Files</Filter>
    </ClCompile>
    <ClCompile Include="src\glad.c">
      <Filter>Source Files</Filter>
    </ClCompile>
    <ClCompile Include="src\rendering\shaderClass.cpp">
      <Filter>Source Files</Filter>
    </ClCompile>
    <ClCompile Include="src\rendering\VBO.cpp">
      <Filter>Source Files</Filter>
    </ClCompile>
    <ClCompile Include="src\rendering\EBO.cpp">
      <Filter>Source Files</Filter>
    </ClCompile>
    <ClCompile Include="src\rendering\VAO.cpp">
      <Filter>Source Files</Filter>
    </ClCompile>
    <ClCompile Include="src\rendering\stb.cpp">
      <Filter>Source Files</Filter>
    </ClCompile>
    <ClCompile Include="src\rendering\texture2d.cpp">
      <Filter>Source Files</Filter>
    </ClCompile>
    <ClCompile Include="src\grapher\curve.cpp">
      <Filter>Source Files</Filter>
    </ClCompile>
    <ClCompile Include="src\input.cpp">
      <Filter>Source Files</Filter>
    </ClCompile>
    <ClCompile Include="src\grapher\calculator.cpp">
      <Filter>Source Files</Filter>
    </ClCompile>
    <ClCompile Include="src\grapher\line.cpp">
      <Filter>Source Files</Filter>
    </ClCompile>
    <ClCompile Include="src\grapher\graphLines.cpp">
      <Filter>Source Files</Filter>
    </ClCompile>
    <ClCompile Include="src\application.cpp">
      <Filter>Source Files</Filter>
    </ClCompile>
    <ClCompile Include="src\window.cpp">
      <Filter>Source Files</Filter>
    </ClCompile>
    <ClCompile Include="src\oldmain.cpp">
      <Filter>Source Files</Filter>
    </ClCompile>
    <ClCompile Include="src\grapher\graphManager.cpp">
      <Filter>Source Files</Filter>
    </ClCompile>
    <ClCompile Include="src\imgui\imgui.cpp">
      <Filter>Source Files</Filter>
    </ClCompile>
    <ClCompile Include="src\imgui\imgui_demo.cpp">
      <Filter>Source Files</Filter>
    </ClCompile>
    <ClCompile Include="src\imgui\imgui_draw.cpp">
      <Filter>Source Files</Filter>
    </ClCompile>
    <ClCompile Include="src\imgui\imgui_impl_glfw.cpp">
      <Filter>Source Files</Filter>
    </ClCompile>
    <ClCompile Include="src\imgui\imgui_impl_opengl3.cpp">
      <Filter>Source Files</Filter>
    </ClCompile>
    <ClCompile Include="src\imgui\imgui_tables.cpp">
      <Filter>Source Files</Filter>
    </ClCompile>
    <ClCompile Include="src\imgui\imgui_widgets.cpp">
      <Filter>Source Files</Filter>
    </ClCompile>
    <ClCompile Include="src\equation\equation.cpp">
      <Filter>Source Files</Filter>
    </ClCompile>
    <ClCompile Include="src\equation\variableList.cpp">
      <Filter>Source Files</Filter>
    </ClCompile>
    <ClCompile Include="src\equation\equationList.cpp">
      <Filter>Source Files</Filter>
    </ClCompile>
    <ClCompile Include="src\equation\equationGUI.cpp">
      <Filter>Source Files</Filter>
    </ClCompile>
  </ItemGroup>
  <ItemGroup>
    <None Include="res\Shaders\default.vert" />
    <None Include="res\Shaders\default.frag" />
  </ItemGroup>
  <ItemGroup>
    <ClInclude Include="header\rendering\shaderClass.h">
      <Filter>Header Files</Filter>
    </ClInclude>
    <ClInclude Include="header\rendering\VBO.h">
      <Filter>Header Files</Filter>
    </ClInclude>
    <ClInclude Include="header\rendering\EBO.h">
      <Filter>Header Files</Filter>
    </ClInclude>
    <ClInclude Include="header\rendering\VAO.h">
      <Filter>Header Files</Filter>
    </ClInclude>
    <ClInclude Include="header\rendering\texture2d.h">
      <Filter>Header Files</Filter>
    </ClInclude>
    <ClInclude Include="header\grapher\curve.h">
      <Filter>Header Files</Filter>
    </ClInclude>
    <ClInclude Include="header\input.h">
      <Filter>Header Files</Filter>
    </ClInclude>
    <ClInclude Include="header\grapher\points.h">
      <Filter>Header Files</Filter>
    </ClInclude>
    <ClInclude Include="header\grapher\line.h">
      <Filter>Header Files</Filter>
    </ClInclude>
    <ClInclude Include="header\grapher\calculator.h">
      <Filter>Header Files</Filter>
    </ClInclude>
    <ClInclude Include="header\grapher\graphLines.h">
      <Filter>Header Files</Filter>
    </ClInclude>
    <ClInclude Include="header\text_fonts_glyphs.h">
      <Filter>Header Files</Filter>
    </ClInclude>
    <ClInclude Include="header\application.h">
      <Filter>Header Files</Filter>
    </ClInclude>
    <ClInclude Include="header\window.h">
      <Filter>Header Files</Filter>
    </ClInclude>
    <ClInclude Include="header\grapher\graphManager.h">
      <Filter>Header Files</Filter>
    </ClInclude>
    <ClInclude Include="header\imgui\imconfig.h">
      <Filter>Header Files</Filter>
    </ClInclude>
    <ClInclude Include="header\imgui\imgui.h">
      <Filter>Header Files</Filter>
    </ClInclude>
    <ClInclude Include="header\imgui\imgui_impl_glfw.h">
      <Filter>Header Files</Filter>
    </ClInclude>
    <ClInclude Include="header\imgui\imgui_impl_opengl3.h">
      <Filter>Header Files</Filter>
    </ClInclude>
    <ClInclude Include="header\imgui\imgui_internal.h">
      <Filter>Header Files</Filter>
    </ClInclude>
    <ClInclude Include="header\imgui\imstb_rectpack.h">
      <Filter>Header Files</Filter>
    </ClInclude>
    <ClInclude Include="header\imgui\imstb_textedit.h">
      <Filter>Header Files</Filter>
    </ClInclude>
    <ClInclude Include="header\imgui\imstb_truetype.h">
      <Filter>Header Files</Filter>
    </ClInclude>
    <ClInclude Include="header\imgui\imgui_impl_opengl3_loader.h">
      <Filter>Header Files</Filter>
    </ClInclude>
    <ClInclude Include="header\calculator\equation.h">
      <Filter>Header Files</Filter>
    </ClInclude>
    <ClInclude Include="header\calculator\variableList.h">
      <Filter>Header Files</Filter>
    </ClInclude>
    <ClInclude Include="header\calculator\equationList.h">
      <Filter>Header Files</Filter>
    </ClInclude>
    <ClInclude Include="header\calculator\equationGUI.h">
      <Filter>Header Files</Filter>
    </ClInclude>
    <ClInclude Include="header\calculator\tooltips.h">
      <Filter>Header Files</Filter>
    </ClInclude>
  </ItemGroup>
  <ItemGroup>
    <Image Include="..\..\..\..\..\..\..\Downloads\myOpenGLImage.png">
      <Filter>Resource Files</Filter>
    </Image>
    <Image Include="res\Textures\crepe_girl.png">
      <Filter>Resource Files</Filter>
    </Image>
  </ItemGroup>
</Project>